Microsoft Visual Studio Solution File, Format Version 11.00
# Visual Studio 2008

Project("{BD090F45-ED98-4E9B-305E-4722C20B3ADD}") = "MusicVisualization", "Assembly-CSharp.csproj", "{855A6ED7-E4EA-7A50-002E-6220CBE71C65}"
EndProject
Global
	GlobalSection(SolutionConfigurationPlatforms) = preSolution
		Debug|Any CPU = Debug|Any CPU
		Release|Any CPU = Release|Any CPU
	EndGlobalSection
	GlobalSection(ProjectConfigurationPlatforms) = postSolution
		{855A6ED7-E4EA-7A50-002E-6220CBE71C65}.Debug|Any CPU.ActiveCfg = Debug|Any CPU
		{855A6ED7-E4EA-7A50-002E-6220CBE71C65}.Debug|Any CPU.Build.0 = Debug|Any CPU
		{855A6ED7-E4EA-7A50-002E-6220CBE71C65}.Release|Any CPU.ActiveCfg = Release|Any CPU
		{855A6ED7-E4EA-7A50-002E-6220CBE71C65}.Release|Any CPU.Build.0 = Release|Any CPU
	EndGlobalSection
	GlobalSection(SolutionProperties) = preSolution
		HideSolutionNode = FALSE
	EndGlobalSection
	GlobalSection(MonoDevelopProperties) = preSolution
		StartupItem = Assembly-CSharp.csproj
	EndGlobalSection
EndGlobal
